
Microsoft Visual Studio Solution File, Format Version 12.00
# Visual Studio 14
VisualStudioVersion = 14.0.23107.0
MinimumVisualStudioVersion = 10.0.40219.1
Project("{FAE04EC0-301F-11D3-BF4B-00C04F79EFBC}") = "InfoVis.KnowledgeTrees", "InfoVis.KnowledgeTrees\InfoVis.KnowledgeTrees.csproj", "{C066000D-34CB-43C7-8077-40023D88F02B}"
EndProject
Project("{2150E333-8FDC-42A3-9474-1A3956D46DE8}") = "00. Library", "00. Library", "{4AC5FE52-4BE4-4C78-B11C-F2AAAA076769}"
EndProject
Project("{FAE04EC0-301F-11D3-BF4B-00C04F79EFBC}") = "RossBill.Bricks.Cqrs", "RossBill.Bricks.Cqrs\RossBill.Bricks.Cqrs.csproj", "{C4A52ADE-50F9-4462-B5C4-D10554980122}"
EndProject
Project("{FAE04EC0-301F-11D3-BF4B-00C04F79EFBC}") = "RossBill.Bricks.Configuration", "RossBill.Bricks.Configuration\RossBill.Bricks.Configuration.csproj", "{5BDC104A-581E-4579-8FFC-151C3765FB4C}"
EndProject
Project("{FAE04EC0-301F-11D3-BF4B-00C04F79EFBC}") = "RossBill.Bricks.Cqrs.Command.Fluent", "RossBill.Bricks.Cqrs.Command.Fluent\RossBill.Bricks.Cqrs.Command.Fluent.csproj", "{A084F446-B766-4336-8F39-BE95B999F1E4}"
EndProject
Project("{FAE04EC0-301F-11D3-BF4B-00C04F79EFBC}") = "RossBill.Bricks.Cqrs.Query.IoC", "RossBill.Bricks.Cqrs.Query.IoC\RossBill.Bricks.Cqrs.Query.IoC.csproj", "{EF1D2326-7852-4888-84C9-8B8341D0EBFE}"
EndProject
Project("{FAE04EC0-301F-11D3-BF4B-00C04F79EFBC}") = "RossBill.Bricks.Data", "RossBill.Bricks.Data\RossBill.Bricks.Data.csproj", "{30D13EE1-329E-4606-BA1B-CA345D0E5978}"
EndProject
Project("{FAE04EC0-301F-11D3-BF4B-00C04F79EFBC}") = "RossBill.Bricks.Data.Sql", "RossBill.Bricks.Data.Sql\RossBill.Bricks.Data.Sql.csproj", "{5644C79C-5F9E-4BBF-B93B-554CA353E949}"
EndProject
Project("{2150E333-8FDC-42A3-9474-1A3956D46DE8}") = "CQRS", "CQRS", "{549B84D3-10DC-41C8-A89A-B128970B2ABA}"
EndProject
Project("{2150E333-8FDC-42A3-9474-1A3956D46DE8}") = "Config", "Config", "{7ED005B5-2127-40EF-A6C4-8C1B5A105F93}"
EndProject
Project("{2150E333-8FDC-42A3-9474-1A3956D46DE8}") = "Data", "Data", "{71B71130-0D94-4336-9DDA-B4F96EC225E8}"
EndProject
Project("{2150E333-8FDC-42A3-9474-1A3956D46DE8}") = "01. Kernel", "01. Kernel", "{306BBD7D-6D3F-461F-95D8-1CB51E39314A}"
EndProject
Project("{2150E333-8FDC-42A3-9474-1A3956D46DE8}") = "02. Web", "02. Web", "{C7CDE14D-1BFD-4DE9-9079-9CEA43E2521C}"
EndProject
Project("{FAE04EC0-301F-11D3-BF4B-00C04F79EFBC}") = "InfoVis.KnowledgeTrees.Data", "InfoVis.KnowledgeTrees.Data\InfoVis.KnowledgeTrees.Data.csproj", "{FE6CF0B3-B92C-4B6F-B26C-F7F66723EC8E}"
EndProject
Project("{FAE04EC0-301F-11D3-BF4B-00C04F79EFBC}") = "InfoVis.KnowledgeTrees.Command", "InfoVis.KnowledgeTrees.Command\InfoVis.KnowledgeTrees.Command.csproj", "{375CFBC7-8C60-4374-97C9-11E1DB02A22A}"
EndProject
Project("{FAE04EC0-301F-11D3-BF4B-00C04F79EFBC}") = "InfoVis.KnowledgeTrees.Query", "InfoVis.KnowledgeTrees.Query\InfoVis.KnowledgeTrees.Query.csproj", "{40A2AF73-F4B5-4147-8F2A-0463AB62F51F}"
EndProject
Project("{FAE04EC0-301F-11D3-BF4B-00C04F79EFBC}") = "InfoVis.KnowledgeTrees.SqlQueryRepository", "InfoVis.KnowledgeTrees.Repository\InfoVis.KnowledgeTrees.SqlQueryRepository.csproj", "{DA890F06-9E04-4E79-B867-6CA47CF0CFD7}"
EndProject
Project("{2150E333-8FDC-42A3-9474-1A3956D46DE8}") = "Data", "Data", "{10A7AC71-E509-4FDE-A315-C057B0441CBA}"
EndProject
Project("{2150E333-8FDC-42A3-9474-1A3956D46DE8}") = "Core", "Core", "{A5CDA02A-0EF6-4583-9391-DEEF2D07FE5C}"
EndProject
Project("{FAE04EC0-301F-11D3-BF4B-00C04F79EFBC}") = "InfoVis.KnowledgeTrees.SqlCommandRepository", "InfoVis.KnowledgeTrees.CommandRepository\InfoVis.KnowledgeTrees.SqlCommandRepository.csproj", "{D69239CF-F417-47F4-9E66-071085629BF0}"
EndProject
Project("{2150E333-8FDC-42A3-9474-1A3956D46DE8}") = "Repository", "Repository", "{8F80D37D-C8FA-4C5E-AC3D-72C55AD430AA}"
EndProject
Global
	GlobalSection(SolutionConfigurationPlatforms) = preSolution
		Debug|Any CPU = Debug|Any CPU
		Release|Any CPU = Release|Any CPU
	EndGlobalSection
	GlobalSection(ProjectConfigurationPlatforms) = postSolution
		{C066000D-34CB-43C7-8077-40023D88F02B}.Debug|Any CPU.ActiveCfg = Debug|Any CPU
		{C066000D-34CB-43C7-8077-40023D88F02B}.Debug|Any CPU.Build.0 = Debug|Any CPU
		{C066000D-34CB-43C7-8077-40023D88F02B}.Release|Any CPU.ActiveCfg = Release|Any CPU
		{C066000D-34CB-43C7-8077-40023D88F02B}.Release|Any CPU.Build.0 = Release|Any CPU
		{C4A52ADE-50F9-4462-B5C4-D10554980122}.Debug|Any CPU.ActiveCfg = Debug|Any CPU
		{C4A52ADE-50F9-4462-B5C4-D10554980122}.Debug|Any CPU.Build.0 = Debug|Any CPU
		{C4A52ADE-50F9-4462-B5C4-D10554980122}.Release|Any CPU.ActiveCfg = Release|Any CPU
		{C4A52ADE-50F9-4462-B5C4-D10554980122}.Release|Any CPU.Build.0 = Release|Any CPU
		{5BDC104A-581E-4579-8FFC-151C3765FB4C}.Debug|Any CPU.ActiveCfg = Debug|Any CPU
		{5BDC104A-581E-4579-8FFC-151C3765FB4C}.Debug|Any CPU.Build.0 = Debug|Any CPU
		{5BDC104A-581E-4579-8FFC-151C3765FB4C}.Release|Any CPU.ActiveCfg = Release|Any CPU
		{5BDC104A-581E-4579-8FFC-151C3765FB4C}.Release|Any CPU.Build.0 = Release|Any CPU
		{A084F446-B766-4336-8F39-BE95B999F1E4}.Debug|Any CPU.ActiveCfg = Debug|Any CPU
		{A084F446-B766-4336-8F39-BE95B999F1E4}.Debug|Any CPU.Build.0 = Debug|Any CPU
		{A084F446-B766-4336-8F39-BE95B999F1E4}.Release|Any CPU.ActiveCfg = Release|Any CPU
		{A084F446-B766-4336-8F39-BE95B999F1E4}.Release|Any CPU.Build.0 = Release|Any CPU
		{EF1D2326-7852-4888-84C9-8B8341D0EBFE}.Debug|Any CPU.ActiveCfg = Debug|Any CPU
		{EF1D2326-7852-4888-84C9-8B8341D0EBFE}.Debug|Any CPU.Build.0 = Debug|Any CPU
		{EF1D2326-7852-4888-84C9-8B8341D0EBFE}.Release|Any CPU.ActiveCfg = Release|Any CPU
		{EF1D2326-7852-4888-84C9-8B8341D0EBFE}.Release|Any CPU.Build.0 = Release|Any CPU
		{30D13EE1-329E-4606-BA1B-CA345D0E5978}.Debug|Any CPU.ActiveCfg = Debug|Any CPU
		{30D13EE1-329E-4606-BA1B-CA345D0E5978}.Debug|Any CPU.Build.0 = Debug|Any CPU
		{30D13EE1-329E-4606-BA1B-CA345D0E5978}.Release|Any CPU.ActiveCfg = Release|Any CPU
		{30D13EE1-329E-4606-BA1B-CA345D0E5978}.Release|Any CPU.Build.0 = Release|Any CPU
		{5644C79C-5F9E-4BBF-B93B-554CA353E949}.Debug|Any CPU.ActiveCfg = Debug|Any CPU
		{5644C79C-5F9E-4BBF-B93B-554CA353E949}.Debug|Any CPU.Build.0 = Debug|Any CPU
		{5644C79C-5F9E-4BBF-B93B-554CA353E949}.Release|Any CPU.ActiveCfg = Release|Any CPU
		{5644C79C-5F9E-4BBF-B93B-554CA353E949}.Release|Any CPU.Build.0 = Release|Any CPU
		{FE6CF0B3-B92C-4B6F-B26C-F7F66723EC8E}.Debug|Any CPU.ActiveCfg = Debug|Any CPU
		{FE6CF0B3-B92C-4B6F-B26C-F7F66723EC8E}.Debug|Any CPU.Build.0 = Debug|Any CPU
		{FE6CF0B3-B92C-4B6F-B26C-F7F66723EC8E}.Release|Any CPU.ActiveCfg = Release|Any CPU
		{FE6CF0B3-B92C-4B6F-B26C-F7F66723EC8E}.Release|Any CPU.Build.0 = Release|Any CPU
		{375CFBC7-8C60-4374-97C9-11E1DB02A22A}.Debug|Any CPU.ActiveCfg = Debug|Any CPU
		{375CFBC7-8C60-4374-97C9-11E1DB02A22A}.Debug|Any CPU.Build.0 = Debug|Any CPU
		{375CFBC7-8C60-4374-97C9-11E1DB02A22A}.Release|Any CPU.ActiveCfg = Release|Any CPU
		{375CFBC7-8C60-4374-97C9-11E1DB02A22A}.Release|Any CPU.Build.0 = Release|Any CPU
		{40A2AF73-F4B5-4147-8F2A-0463AB62F51F}.Debug|Any CPU.ActiveCfg = Debug|Any CPU
		{40A2AF73-F4B5-4147-8F2A-0463AB62F51F}.Debug|Any CPU.Build.0 = Debug|Any CPU
		{40A2AF73-F4B5-4147-8F2A-0463AB62F51F}.Release|Any CPU.ActiveCfg = Release|Any CPU
		{40A2AF73-F4B5-4147-8F2A-0463AB62F51F}.Release|Any CPU.Build.0 = Release|Any CPU
		{DA890F06-9E04-4E79-B867-6CA47CF0CFD7}.Debug|Any CPU.ActiveCfg = Debug|Any CPU
		{DA890F06-9E04-4E79-B867-6CA47CF0CFD7}.Debug|Any CPU.Build.0 = Debug|Any CPU
		{DA890F06-9E04-4E79-B867-6CA47CF0CFD7}.Release|Any CPU.ActiveCfg = Release|Any CPU
		{DA890F06-9E04-4E79-B867-6CA47CF0CFD7}.Release|Any CPU.Build.0 = Release|Any CPU
		{D69239CF-F417-47F4-9E66-071085629BF0}.Debug|Any CPU.ActiveCfg = Debug|Any CPU
		{D69239CF-F417-47F4-9E66-071085629BF0}.Debug|Any CPU.Build.0 = Debug|Any CPU
		{D69239CF-F417-47F4-9E66-071085629BF0}.Release|Any CPU.ActiveCfg = Release|Any CPU
		{D69239CF-F417-47F4-9E66-071085629BF0}.Release|Any CPU.Build.0 = Release|Any CPU
	EndGlobalSection
	GlobalSection(SolutionProperties) = preSolution
		HideSolutionNode = FALSE
	EndGlobalSection
	GlobalSection(NestedProjects) = preSolution
		{C066000D-34CB-43C7-8077-40023D88F02B} = {C7CDE14D-1BFD-4DE9-9079-9CEA43E2521C}
		{C4A52ADE-50F9-4462-B5C4-D10554980122} = {549B84D3-10DC-41C8-A89A-B128970B2ABA}
		{5BDC104A-581E-4579-8FFC-151C3765FB4C} = {7ED005B5-2127-40EF-A6C4-8C1B5A105F93}
		{A084F446-B766-4336-8F39-BE95B999F1E4} = {549B84D3-10DC-41C8-A89A-B128970B2ABA}
		{EF1D2326-7852-4888-84C9-8B8341D0EBFE} = {549B84D3-10DC-41C8-A89A-B128970B2ABA}
		{30D13EE1-329E-4606-BA1B-CA345D0E5978} = {71B71130-0D94-4336-9DDA-B4F96EC225E8}
		{5644C79C-5F9E-4BBF-B93B-554CA353E949} = {71B71130-0D94-4336-9DDA-B4F96EC225E8}
		{549B84D3-10DC-41C8-A89A-B128970B2ABA} = {4AC5FE52-4BE4-4C78-B11C-F2AAAA076769}
		{7ED005B5-2127-40EF-A6C4-8C1B5A105F93} = {4AC5FE52-4BE4-4C78-B11C-F2AAAA076769}
		{71B71130-0D94-4336-9DDA-B4F96EC225E8} = {4AC5FE52-4BE4-4C78-B11C-F2AAAA076769}
		{FE6CF0B3-B92C-4B6F-B26C-F7F66723EC8E} = {10A7AC71-E509-4FDE-A315-C057B0441CBA}
		{375CFBC7-8C60-4374-97C9-11E1DB02A22A} = {A5CDA02A-0EF6-4583-9391-DEEF2D07FE5C}
		{40A2AF73-F4B5-4147-8F2A-0463AB62F51F} = {A5CDA02A-0EF6-4583-9391-DEEF2D07FE5C}
		{DA890F06-9E04-4E79-B867-6CA47CF0CFD7} = {8F80D37D-C8FA-4C5E-AC3D-72C55AD430AA}
		{10A7AC71-E509-4FDE-A315-C057B0441CBA} = {306BBD7D-6D3F-461F-95D8-1CB51E39314A}
		{A5CDA02A-0EF6-4583-9391-DEEF2D07FE5C} = {306BBD7D-6D3F-461F-95D8-1CB51E39314A}
		{D69239CF-F417-47F4-9E66-071085629BF0} = {8F80D37D-C8FA-4C5E-AC3D-72C55AD430AA}
		{8F80D37D-C8FA-4C5E-AC3D-72C55AD430AA} = {10A7AC71-E509-4FDE-A315-C057B0441CBA}
	EndGlobalSection
EndGlobal
